{
  "name": "mini-counter-strike-root",
  "version": "1.0.0",
  "lockfileVersion": 3,
  "requires": true,
  "packages": {
    "": {
      "name": "mini-counter-strike-root",
      "version": "1.0.0",
      "devDependencies": {
        "prettier": "^3.2.5",
        "prettier-plugin-java": "^2.6.0"
      }
    },
    "node_modules/prettier": {
      "version": "3.8.4",
      "resolved": "https://registry.npmjs.org/prettier/-/prettier-3.8.4.tgz",
      "integrity": "sha512-N2MylSdi48+5N/6S5j+maeHbUSIzzZ5uOcX5Hm4QpV8Dkb1HFjfAKTKX6yNPJQD9AhcT3ifHNB66tWTTJDi11Q==",
      "dev": true,
      "license": "MIT",
      "bin": {
        "prettier": "bin/prettier.cjs"
      },
      "engines": {
        "node": ">=14"
      },
      "funding": {
        "url": "https://github.com/prettier/prettier?sponsor=1"
      }
    },
    "node_modules/prettier-plugin-java": {
      "version": "2.10.0",
      "resolved": "https://registry.npmjs.org/prettier-plugin-java/-/prettier-plugin-java-2.10.0.tgz",
      "integrity": "sha512-lDmVgJU/TCBri3kITMcNyr712Ac5Totb1fOp9GW1KCUdv4SsPfbFP7I+mUdRFEoPzE72ymf8MOgIsd/v0yA9CA==",
      "dev": true,
      "license": "Apache-2.0",
      "dependencies": {
        "web-tree-sitter": "0.26.9"
      },
      "peerDependencies": {
        "prettier": "^3.0.0"
      }
    },
    "node_modules/web-tree-sitter": {
      "version": "0.26.9",
      "resolved": "https://registry.npmjs.org/web-tree-sitter/-/web-tree-sitter-0.26.9.tgz",
      "integrity": "sha512-YJwSHANl6XFgeEjB8nitgj0qZYt5gkIesJ4w2srS2wcLB4GUa4xcOkM0YaMsU6WNR53YVIkDSY7Ej4pf3IXtCA==",
      "dev": true,
      "license": "MIT"
    }
  }
}
